
Microsoft Visual Studio Solution File, Format Version 12.00
# Visual Studio Version 16
VisualStudioVersion = 16.0.33529.622
MinimumVisualStudioVersion = 10.0.40219.1
Project("{FAE04EC0-301F-11D3-BF4B-00C04F79EFBC}") = "HMS_App", "HMS_App.csproj", "{D050109B-2D38-4455-8E9D-B83F80A2EDDD}"
EndProject
Global
	GlobalSection(SolutionConfigurationPlatforms) = preSolution
		Debug|Any CPU = Debug|Any CPU
		Release|Any CPU = Release|Any CPU
	EndGlobalSection
	GlobalSection(ProjectConfigurationPlatforms) = postSolution
		{D050109B-2D38-4455-8E9D-B83F80A2EDDD}.Debug|Any CPU.ActiveCfg = Debug|Any CPU
		{D050109B-2D38-4455-8E9D-B83F80A2EDDD}.Debug|Any CPU.Build.0 = Debug|Any CPU
		{D050109B-2D38-4455-8E9D-B83F80A2EDDD}.Release|Any CPU.ActiveCfg = Release|Any CPU
		{D050109B-2D38-4455-8E9D-B83F80A2EDDD}.Release|Any CPU.Build.0 = Release|Any CPU
	EndGlobalSection
	GlobalSection(SolutionProperties) = preSolution
		HideSolutionNode = FALSE
	EndGlobalSection
	GlobalSection(ExtensibilityGlobals) = postSolution
		SolutionGuid = {064EB7D4-8565-480F-879C-1DDE7C36A5C7}
	EndGlobalSection
EndGlobal
